
Microsoft Visual Studio Solution File, Format Version 12.00
# Visual Studio 15
VisualStudioVersion = 15.0.27130.2010
MinimumVisualStudioVersion = 10.0.40219.1
Project("{FAE04EC0-301F-11D3-BF4B-00C04F79EFBC}") = "Exercises_Lecture48", "Exercises_Lecture48\Exercises_Lecture48.csproj", "{1BC18A6F-30A0-421C-B58E-3FC68FA2059C}"
EndProject
Global
	GlobalSection(SolutionConfigurationPlatforms) = preSolution
		Debug|Any CPU = Debug|Any CPU
		Release|Any CPU = Release|Any CPU
	EndGlobalSection
	GlobalSection(ProjectConfigurationPlatforms) = postSolution
		{1BC18A6F-30A0-421C-B58E-3FC68FA2059C}.Debug|Any CPU.ActiveCfg = Debug|Any CPU
		{1BC18A6F-30A0-421C-B58E-3FC68FA2059C}.Debug|Any CPU.Build.0 = Debug|Any CPU
		{1BC18A6F-30A0-421C-B58E-3FC68FA2059C}.Release|Any CPU.ActiveCfg = Release|Any CPU
		{1BC18A6F-30A0-421C-B58E-3FC68FA2059C}.Release|Any CPU.Build.0 = Release|Any CPU
	EndGlobalSection
	GlobalSection(SolutionProperties) = preSolution
		HideSolutionNode = FALSE
	EndGlobalSection
	GlobalSection(ExtensibilityGlobals) = postSolution
		SolutionGuid = {6925B41A-A45F-48A9-A9B9-D141B7FF91D3}
	EndGlobalSection
EndGlobal
